{
  "name": "openhab.google-assistant-smarthome.cloud-function",
  "version": "3.1.0",
  "lockfileVersion": 2,
  "requires": true,
  "packages": {
    "": {
      "name": "openhab.google-assistant-smarthome.cloud-function",
      "version": "3.1.0",
      "license": "EPL-2.0",
      "dependencies": {
        "actions-on-google": "^2.14.0",
        "glob": "^7.1.7"
      }
    },
    "node_modules/@types/aws-lambda": {
      "version": "0.0.33",
      "resolved": "https://registry.npmjs.org/@types/aws-lambda/-/aws-lambda-0.0.33.tgz",
      "integrity": "sha512-p13MzAb/1ZJK1h0jDhRjdFqlRHC44HAOS7qYuVpn7NnFDv8UdNbRjExfhK69syvI9IoIR4NN4dRGjpVDsN6tEQ=="
    },
    "node_modules/@types/body-parser": {
      "version": "1.19.0",
      "resolved": "https://registry.npmjs.org/@types/body-parser/-/body-parser-1.19.0.tgz",
      "integrity": "sha512-W98JrE0j2K78swW4ukqMleo8R7h/pFETjM2DQ90MF6XK2i4LO4W3gQ71Lt4w3bfm2EvVSyWHplECvB5sK22yFQ==",
      "dependencies": {
        "@types/connect": "*",
        "@types/node": "*"
      }
    },
    "node_modules/@types/connect": {
      "version": "3.4.33",
      "resolved": "https://registry.npmjs.org/@types/connect/-/connect-3.4.33.tgz",
      "integrity": "sha512-2+FrkXY4zllzTNfJth7jOqEHC+enpLeGslEhpnTAkg21GkRrWV4SsAtqchtT4YS9/nODBU2/ZfsBY2X4J/dX7A==",
      "dependencies": {
        "@types/node": "*"
      }
    },
    "node_modules/@types/debug": {
      "version": "0.0.30",
      "resolved": "https://registry.npmjs.org/@types/debug/-/debug-0.0.30.tgz",
      "integrity": "sha512-orGL5LXERPYsLov6CWs3Fh6203+dXzJkR7OnddIr2514Hsecwc8xRpzCapshBbKFImCsvS/mk6+FWiN5LyZJAQ=="
    },
    "node_modules/@types/express": {
      "version": "4.17.8",
      "resolved": "https://registry.npmjs.org/@types/express/-/express-4.17.8.tgz",
      "integrity": "sha512-wLhcKh3PMlyA2cNAB9sjM1BntnhPMiM0JOBwPBqttjHev2428MLEB4AYVN+d8s2iyCVZac+o41Pflm/ZH5vLXQ==",
      "dependencies": {
        "@types/body-parser": "*",
        "@types/express-serve-static-core": "*",
        "@types/qs": "*",
        "@types/serve-static": "*"
      }
    },
    "node_modules/@types/express-serve-static-core": {
      "version": "4.17.13",
      "resolved": "https://registry.npmjs.org/@types/express-serve-static-core/-/express-serve-static-core-4.17.13.tgz",
      "integrity": "sha512-RgDi5a4nuzam073lRGKTUIaL3eF2+H7LJvJ8eUnCI0wA6SNjXc44DCmWNiTLs/AZ7QlsFWZiw/gTG3nSQGL0fA==",
      "dependencies": {
        "@types/node": "*",
        "@types/qs": "*",
        "@types/range-parser": "*"
      }
    },
    "node_modules/@types/mime": {
      "version": "2.0.3",
      "resolved": "https://registry.npmjs.org/@types/mime/-/mime-2.0.3.tgz",
      "integrity": "sha512-Jus9s4CDbqwocc5pOAnh8ShfrnMcPHuJYzVcSUU7lrh8Ni5HuIqX3oilL86p3dlTrk0LzHRCgA/GQ7uNCw6l2Q=="
    },
    "node_modules/@types/node": {
      "version": "9.6.59",
      "resolved": "https://registry.npmjs.org/@types/node/-/node-9.6.59.tgz",
      "integrity": "sha512-TX/dHK9lFrXoMFtHdF3oyEw6EpfYfu+8AZ1zP6Oj3rOiQGbit2rgQlJzvBRx712b9ReaCfkSNPRXYzZDYI4YSw=="
    },
    "node_modules/@types/qs": {
      "version": "6.9.5",
      "resolved": "https://registry.npmjs.org/@types/qs/-/qs-6.9.5.tgz",
      "integrity": "sha512-/JHkVHtx/REVG0VVToGRGH2+23hsYLHdyG+GrvoUGlGAd0ErauXDyvHtRI/7H7mzLm+tBCKA7pfcpkQ1lf58iQ=="
    },
    "node_modules/@types/range-parser": {
      "version": "1.2.3",
      "resolved": "https://registry.npmjs.org/@types/range-parser/-/range-parser-1.2.3.tgz",
      "integrity": "sha512-ewFXqrQHlFsgc09MK5jP5iR7vumV/BYayNC6PgJO2LPe8vrnNFyjQjSppfEngITi0qvfKtzFvgKymGheFM9UOA=="
    },
    "node_modules/@types/serve-static": {
      "version": "1.13.5",
      "resolved": "https://registry.npmjs.org/@types/serve-static/-/serve-static-1.13.5.tgz",
      "integrity": "sha512-6M64P58N+OXjU432WoLLBQxbA0LRGBCRm7aAGQJ+SMC1IMl0dgRVi9EFfoDcS2a7Xogygk/eGN94CfwU9UF7UQ==",
      "dependencies": {
        "@types/express-serve-static-core": "*",
        "@types/mime": "*"
      }
    },
    "node_modules/abort-controller": {
      "version": "3.0.0",
      "resolved": "https://registry.npmjs.org/abort-controller/-/abort-controller-3.0.0.tgz",
      "integrity": "sha512-h8lQ8tacZYnR3vNQTgibj+tODHI5/+l06Au2Pcriv/Gmet0eaj4TwWH41sO9wnHDiQsEj19q0drzdWdeAHtweg==",
      "dependencies": {
        "event-target-shim": "^5.0.0"
      },
      "engines": {
        "node": ">=6.5"
      }
    },
    "node_modules/actions-on-google": {
      "version": "2.14.0",
      "resolved": "https://registry.npmjs.org/actions-on-google/-/actions-on-google-2.14.0.tgz",
      "integrity": "sha512-msrXIyjoB3FeFhhQTIOe7//XzDcXg06PyHAwfM4dFJF8siC4B9MrhClh5P5x/fkgAtoKh6/mY5JKbA85EDLHyw==",
      "dependencies": {
        "@types/aws-lambda": "^0.0.33",
        "@types/debug": "^0.0.30",
        "@types/express": "~4.17.7",
        "debug": "^3.1.0",
        "google-auth-library": "^1.6.1",
        "googleapis": "^39.2.0"
      },
      "engines": {
        "node": ">=6.13.0"
      }
    },
    "node_modules/agent-base": {
      "version": "4.3.0",
      "resolved": "https://registry.npmjs.org/agent-base/-/agent-base-4.3.0.tgz",
      "integrity": "sha512-salcGninV0nPrwpGNn4VTXBb1SOuXQBiqbrNXoeizJsHrsL6ERFM2Ne3JUSBWRE6aeNJI2ROP/WEEIDUiDe3cg==",
      "dependencies": {
        "es6-promisify": "^5.0.0"
      },
      "engines": {
        "node": ">= 4.0.0"
      }
    },
    "node_modules/axios": {
      "version": "0.18.1",
      "resolved": "https://registry.npmjs.org/axios/-/axios-0.18.1.tgz",
      "integrity": "sha512-0BfJq4NSfQXd+SkFdrvFbG7addhYSBA2mQwISr46pD6E5iqkWg02RAs8vyTT/j0RTnoYmeXauBuSv1qKwR179g==",
      "dependencies": {
        "follow-redirects": "1.5.10",
        "is-buffer": "^2.0.2"
      }
    },
    "node_modules/balanced-match": {
      "version": "1.0.0",
      "resolved": "https://registry.npmjs.org/balanced-match/-/balanced-match-1.0.0.tgz",
      "integrity": "sha1-ibTRmasr7kneFk6gK4nORi1xt2c="
    },
    "node_modules/base64-js": {
      "version": "1.3.1",
      "resolved": "https://registry.npmjs.org/base64-js/-/base64-js-1.3.1.tgz",
      "integrity": "sha512-mLQ4i2QO1ytvGWFWmcngKO//JXAQueZvwEKtjgQFM4jIK0kU+ytMfplL8j+n5mspOfjHwoAg+9yhb7BwAHm36g=="
    },
    "node_modules/bignumber.js": {
      "version": "9.0.1",
      "resolved": "https://registry.npmjs.org/bignumber.js/-/bignumber.js-9.0.1.tgz",
      "integrity": "sha512-IdZR9mh6ahOBv/hYGiXyVuyCetmGJhtYkqLBpTStdhEGjegpPlUawydyaF3pbIOFynJTpllEs+NP+CS9jKFLjA==",
      "engines": {
        "node": "*"
      }
    },
    "node_modules/brace-expansion": {
      "version": "1.1.11",
      "resolved": "https://registry.npmjs.org/brace-expansion/-/brace-expansion-1.1.11.tgz",
      "integrity": "sha512-iCuPHDFgrHX7H2vEI/5xpz07zSHB00TpugqhmYtVmMO6518mCuRMoOYFldEBl0g187ufozdaHgWKcYFb61qGiA==",
      "dependencies": {
        "balanced-match": "^1.0.0",
        "concat-map": "0.0.1"
      }
    },
    "node_modules/buffer-equal-constant-time": {
      "version": "1.0.1",
      "resolved": "https://registry.npmjs.org/buffer-equal-constant-time/-/buffer-equal-constant-time-1.0.1.tgz",
      "integrity": "sha1-+OcRMvf/5uAaXJaXpMbz5I1cyBk="
    },
    "node_modules/concat-map": {
      "version": "0.0.1",
      "resolved": "https://registry.npmjs.org/concat-map/-/concat-map-0.0.1.tgz",
      "integrity": "sha1-2Klr13/Wjfd5OnMDajug1UBdR3s="
    },
    "node_modules/debug": {
      "version": "3.2.6",
      "resolved": "https://registry.npmjs.org/debug/-/debug-3.2.6.tgz",
      "integrity": "sha512-mel+jf7nrtEl5Pn1Qx46zARXKDpBbvzezse7p7LqINmdoIk8PYP5SySaxEmYv6TZ0JyEKA1hsCId6DIhgITtWQ==",
      "dependencies": {
        "ms": "^2.1.1"
      }
    },
    "node_modules/ecdsa-sig-formatter": {
      "version": "1.0.11",
      "resolved": "https://registry.npmjs.org/ecdsa-sig-formatter/-/ecdsa-sig-formatter-1.0.11.tgz",
      "integrity": "sha512-nagl3RYrbNv6kQkeJIpt6NJZy8twLB/2vtz6yN9Z4vRKHN4/QZJIEbqohALSgwKdnksuY3k5Addp5lg8sVoVcQ==",
      "dependencies": {
        "safe-buffer": "^5.0.1"
      }
    },
    "node_modules/es6-promise": {
      "version": "4.2.8",
      "resolved": "https://registry.npmjs.org/es6-promise/-/es6-promise-4.2.8.tgz",
      "integrity": "sha512-HJDGx5daxeIvxdBxvG2cb9g4tEvwIk3i8+nhX0yGrYmZUzbkdg8QbDevheDB8gd0//uPj4c1EQua8Q+MViT0/w=="
    },
    "node_modules/es6-promisify": {
      "version": "5.0.0",
      "resolved": "https://registry.npmjs.org/es6-promisify/-/es6-promisify-5.0.0.tgz",
      "integrity": "sha1-UQnWLz5W6pZ8S2NQWu8IKRyKUgM=",
      "dependencies": {
        "es6-promise": "^4.0.3"
      }
    },
    "node_modules/event-target-shim": {
      "version": "5.0.1",
      "resolved": "https://registry.npmjs.org/event-target-shim/-/event-target-shim-5.0.1.tgz",
      "integrity": "sha512-i/2XbnSz/uxRCU6+NdVJgKWDTM427+MqYbkQzD321DuCQJUqOuJKIA0IM2+W2xtYHdKOmZ4dR6fExsd4SXL+WQ==",
      "engines": {
        "node": ">=6"
      }
    },
    "node_modules/extend": {
      "version": "3.0.2",
      "resolved": "https://registry.npmjs.org/extend/-/extend-3.0.2.tgz",
      "integrity": "sha512-fjquC59cD7CyW6urNXK0FBufkZcoiGG80wTuPujX590cB5Ttln20E2UB4S/WARVqhXffZl2LNgS+gQdPIIim/g=="
    },
    "node_modules/fast-text-encoding": {
      "version": "1.0.3",
      "resolved": "https://registry.npmjs.org/fast-text-encoding/-/fast-text-encoding-1.0.3.tgz",
      "integrity": "sha512-dtm4QZH9nZtcDt8qJiOH9fcQd1NAgi+K1O2DbE6GG1PPCK/BWfOH3idCTRQ4ImXRUOyopDEgDEnVEE7Y/2Wrig=="
    },
    "node_modules/follow-redirects": {
      "version": "1.5.10",
      "resolved": "https://registry.npmjs.org/follow-redirects/-/follow-redirects-1.5.10.tgz",
      "integrity": "sha512-0V5l4Cizzvqt5D44aTXbFZz+FtyXV1vrDN6qrelxtfYQKW0KO0W2T/hkE8xvGa/540LkZlkaUjO4ailYTFtHVQ==",
      "dependencies": {
        "debug": "=3.1.0"
      },
      "engines": {
        "node": ">=4.0"
      }
    },
    "node_modules/follow-redirects/node_modules/debug": {
      "version": "3.1.0",
      "resolved": "https://registry.npmjs.org/debug/-/debug-3.1.0.tgz",
      "integrity": "sha512-OX8XqP7/1a9cqkxYw2yXss15f26NKWBpDXQd0/uK/KPqdQhxbPa994hnzjcE2VqQpDslf55723cKPUOGSmMY3g==",
      "dependencies": {
        "ms": "2.0.0"
      }
    },
    "node_modules/follow-redirects/node_modules/ms": {
      "version": "2.0.0",
      "resolved": "https://registry.npmjs.org/ms/-/ms-2.0.0.tgz",
      "integrity": "sha1-VgiurfwAvmwpAd9fmGF4jeDVl8g="
    },
    "node_modules/fs.realpath": {
      "version": "1.0.0",
      "resolved": "https://registry.npmjs.org/fs.realpath/-/fs.realpath-1.0.0.tgz",
      "integrity": "sha1-FQStJSMVjKpA20onh8sBQRmU6k8="
    },
    "node_modules/gaxios": {
      "version": "1.8.4",
      "resolved": "https://registry.npmjs.org/gaxios/-/gaxios-1.8.4.tgz",
      "integrity": "sha512-BoENMnu1Gav18HcpV9IleMPZ9exM+AvUjrAOV4Mzs/vfz2Lu/ABv451iEXByKiMPn2M140uul1txXCg83sAENw==",
      "dependencies": {
        "abort-controller": "^3.0.0",
        "extend": "^3.0.2",
        "https-proxy-agent": "^2.2.1",
        "node-fetch": "^2.3.0"
      }
    },
    "node_modules/gcp-metadata": {
      "version": "0.6.3",
      "resolved": "https://registry.npmjs.org/gcp-metadata/-/gcp-metadata-0.6.3.tgz",
      "integrity": "sha512-MSmczZctbz91AxCvqp9GHBoZOSbJKAICV7Ow/AIWSJZRrRchUd5NL1b2P4OfP+4m490BEUPhhARfpHdqCxuCvg==",
      "dependencies": {
        "axios": "^0.18.0",
        "extend": "^3.0.1",
        "retry-axios": "0.3.2"
      },
      "engines": {
        "node": ">=4"
      }
    },
    "node_modules/glob": {
      "version": "7.1.7",
      "resolved": "https://registry.npmjs.org/glob/-/glob-7.1.7.tgz",
      "integrity": "sha512-OvD9ENzPLbegENnYP5UUfJIirTg4+XwMWGaQfQTY0JenxNvvIKP3U3/tAQSPIu/lHxXYSZmpXlUHeqAIdKzBLQ==",
      "dependencies": {
        "fs.realpath": "^1.0.0",
        "inflight": "^1.0.4",
        "inherits": "2",
        "minimatch": "^3.0.4",
        "once": "^1.3.0",
        "path-is-absolute": "^1.0.0"
      },
      "engines": {
        "node": "*"
      },
      "funding": {
        "url": "https://github.com/sponsors/isaacs"
      }
    },
    "node_modules/google-auth-library": {
      "version": "1.6.1",
      "resolved": "https://registry.npmjs.org/google-auth-library/-/google-auth-library-1.6.1.tgz",
      "integrity": "sha512-jYiWC8NA9n9OtQM7ANn0Tk464do9yhKEtaJ72pKcaBiEwn4LwcGYIYOfwtfsSm3aur/ed3tlSxbmg24IAT6gAg==",
      "dependencies": {
        "axios": "^0.18.0",
        "gcp-metadata": "^0.6.3",
        "gtoken": "^2.3.0",
        "jws": "^3.1.5",
        "lodash.isstring": "^4.0.1",
        "lru-cache": "^4.1.3",
        "retry-axios": "^0.3.2"
      },
      "engines": {
        "node": ">=4"
      }
    },
    "node_modules/google-p12-pem": {
      "version": "1.0.4",
      "resolved": "https://registry.npmjs.org/google-p12-pem/-/google-p12-pem-1.0.4.tgz",
      "integrity": "sha512-SwLAUJqUfTB2iS+wFfSS/G9p7bt4eWcc2LyfvmUXe7cWp6p3mpxDo6LLI29MXdU6wvPcQ/up298X7GMC5ylAlA==",
      "dependencies": {
        "node-forge": "^0.8.0",
        "pify": "^4.0.0"
      },
      "bin": {
        "gp12-pem": "build/src/bin/gp12-pem.js"
      }
    },
    "node_modules/googleapis": {
      "version": "39.2.0",
      "resolved": "https://registry.npmjs.org/googleapis/-/googleapis-39.2.0.tgz",
      "integrity": "sha512-66X8TG1B33zAt177sG1CoKoYHPP/B66tEpnnSANGCqotMuY5gqSQO8G/0gqHZR2jRgc5CHSSNOJCnpI0SuDxMQ==",
      "dependencies": {
        "google-auth-library": "^3.0.0",
        "googleapis-common": "^0.7.0"
      },
      "engines": {
        "node": ">=6.0"
      }
    },
    "node_modules/googleapis-common": {
      "version": "0.7.2",
      "resolved": "https://registry.npmjs.org/googleapis-common/-/googleapis-common-0.7.2.tgz",
      "integrity": "sha512-9DEJIiO4nS7nw0VE1YVkEfXEj8x8MxsuB+yZIpOBULFSN9OIKcUU8UuKgSZFU4lJmRioMfngktrbkMwWJcUhQg==",
      "dependencies": {
        "gaxios": "^1.2.2",
        "google-auth-library": "^3.0.0",
        "pify": "^4.0.0",
        "qs": "^6.5.2",
        "url-template": "^2.0.8",
        "uuid": "^3.2.1"
      }
    },
    "node_modules/googleapis-common/node_modules/gcp-metadata": {
      "version": "1.0.0",
      "resolved": "https://registry.npmjs.org/gcp-metadata/-/gcp-metadata-1.0.0.tgz",
      "integrity": "sha512-Q6HrgfrCQeEircnNP3rCcEgiDv7eF9+1B+1MMgpE190+/+0mjQR8PxeOaRgxZWmdDAF9EIryHB9g1moPiw1SbQ==",
      "dependencies": {
        "gaxios": "^1.0.2",
        "json-bigint": "^0.3.0"
      },
      "engines": {
        "node": ">=6"
      }
    },
    "node_modules/googleapis-common/node_modules/google-auth-library": {
      "version": "3.1.2",
      "resolved": "https://registry.npmjs.org/google-auth-library/-/google-auth-library-3.1.2.tgz",
      "integrity": "sha512-cDQMzTotwyWMrg5jRO7q0A4TL/3GWBgO7I7q5xGKNiiFf9SmGY/OJ1YsLMgI2MVHHsEGyrqYnbnmV1AE+Z6DnQ==",
      "dependencies": {
        "base64-js": "^1.3.0",
        "fast-text-encoding": "^1.0.0",
        "gaxios": "^1.2.1",
        "gcp-metadata": "^1.0.0",
        "gtoken": "^2.3.2",
        "https-proxy-agent": "^2.2.1",
        "jws": "^3.1.5",
        "lru-cache": "^5.0.0",
        "semver": "^5.5.0"
      },
      "engines": {
        "node": ">=6"
      }
    },
    "node_modules/googleapis-common/node_modules/lru-cache": {
      "version": "5.1.1",
      "resolved": "https://registry.npmjs.org/lru-cache/-/lru-cache-5.1.1.tgz",
      "integrity": "sha512-KpNARQA3Iwv+jTA0utUVVbrh+Jlrr1Fv0e56GGzAFOXN7dk/FviaDW8LHmK52DlcH4WP2n6gI8vN1aesBFgo9w==",
      "dependencies": {
        "yallist": "^3.0.2"
      }
    },
    "node_modules/googleapis-common/node_modules/yallist": {
      "version": "3.1.1",
      "resolved": "https://registry.npmjs.org/yallist/-/yallist-3.1.1.tgz",
      "integrity": "sha512-a4UGQaWPH59mOXUYnAG2ewncQS4i4F43Tv3JoAM+s2VDAmS9NsK8GpDMLrCHPksFT7h3K6TOoUNn2pb7RoXx4g=="
    },
    "node_modules/googleapis/node_modules/gcp-metadata": {
      "version": "1.0.0",
      "resolved": "https://registry.npmjs.org/gcp-metadata/-/gcp-metadata-1.0.0.tgz",
      "integrity": "sha512-Q6HrgfrCQeEircnNP3rCcEgiDv7eF9+1B+1MMgpE190+/+0mjQR8PxeOaRgxZWmdDAF9EIryHB9g1moPiw1SbQ==",
      "dependencies": {
        "gaxios": "^1.0.2",
        "json-bigint": "^0.3.0"
      },
      "engines": {
        "node": ">=6"
      }
    },
    "node_modules/googleapis/node_modules/google-auth-library": {
      "version": "3.1.2",
      "resolved": "https://registry.npmjs.org/google-auth-library/-/google-auth-library-3.1.2.tgz",
      "integrity": "sha512-cDQMzTotwyWMrg5jRO7q0A4TL/3GWBgO7I7q5xGKNiiFf9SmGY/OJ1YsLMgI2MVHHsEGyrqYnbnmV1AE+Z6DnQ==",
      "dependencies": {
        "base64-js": "^1.3.0",
        "fast-text-encoding": "^1.0.0",
        "gaxios": "^1.2.1",
        "gcp-metadata": "^1.0.0",
        "gtoken": "^2.3.2",
        "https-proxy-agent": "^2.2.1",
        "jws": "^3.1.5",
        "lru-cache": "^5.0.0",
        "semver": "^5.5.0"
      },
      "engines": {
        "node": ">=6"
      }
    },
    "node_modules/googleapis/node_modules/lru-cache": {
      "version": "5.1.1",
      "resolved": "https://registry.npmjs.org/lru-cache/-/lru-cache-5.1.1.tgz",
      "integrity": "sha512-KpNARQA3Iwv+jTA0utUVVbrh+Jlrr1Fv0e56GGzAFOXN7dk/FviaDW8LHmK52DlcH4WP2n6gI8vN1aesBFgo9w==",
      "dependencies": {
        "yallist": "^3.0.2"
      }
    },
    "node_modules/googleapis/node_modules/yallist": {
      "version": "3.1.1",
      "resolved": "https://registry.npmjs.org/yallist/-/yallist-3.1.1.tgz",
      "integrity": "sha512-a4UGQaWPH59mOXUYnAG2ewncQS4i4F43Tv3JoAM+s2VDAmS9NsK8GpDMLrCHPksFT7h3K6TOoUNn2pb7RoXx4g=="
    },
    "node_modules/gtoken": {
      "version": "2.3.3",
      "resolved": "https://registry.npmjs.org/gtoken/-/gtoken-2.3.3.tgz",
      "integrity": "sha512-EaB49bu/TCoNeQjhCYKI/CurooBKkGxIqFHsWABW0b25fobBYVTMe84A8EBVVZhl8emiUdNypil9huMOTmyAnw==",
      "dependencies": {
        "gaxios": "^1.0.4",
        "google-p12-pem": "^1.0.0",
        "jws": "^3.1.5",
        "mime": "^2.2.0",
        "pify": "^4.0.0"
      },
      "engines": {
        "node": ">=6.0.0"
      }
    },
    "node_modules/https-proxy-agent": {
      "version": "2.2.4",
      "resolved": "https://registry.npmjs.org/https-proxy-agent/-/https-proxy-agent-2.2.4.tgz",
      "integrity": "sha512-OmvfoQ53WLjtA9HeYP9RNrWMJzzAz1JGaSFr1nijg0PVR1JaD/xbJq1mdEIIlxGpXp9eSe/O2LgU9DJmTPd0Eg==",
      "dependencies": {
        "agent-base": "^4.3.0",
        "debug": "^3.1.0"
      },
      "engines": {
        "node": ">= 4.5.0"
      }
    },
    "node_modules/inflight": {
      "version": "1.0.6",
      "resolved": "https://registry.npmjs.org/inflight/-/inflight-1.0.6.tgz",
      "integrity": "sha1-Sb1jMdfQLQwJvJEKEHW6gWW1bfk=",
      "dependencies": {
        "once": "^1.3.0",
        "wrappy": "1"
      }
    },
    "node_modules/inherits": {
      "version": "2.0.4",
      "resolved": "https://registry.npmjs.org/inherits/-/inherits-2.0.4.tgz",
      "integrity": "sha512-k/vGaX4/Yla3WzyMCvTQOXYeIHvqOKtnqBduzTHpzpQZzAskKMhZ2K+EnBiSM9zGSoIFeMpXKxa4dYeZIQqewQ=="
    },
    "node_modules/is-buffer": {
      "version": "2.0.4",
      "resolved": "https://registry.npmjs.org/is-buffer/-/is-buffer-2.0.4.tgz",
      "integrity": "sha512-Kq1rokWXOPXWuaMAqZiJW4XxsmD9zGx9q4aePabbn3qCRGedtH7Cm+zV8WETitMfu1wdh+Rvd6w5egwSngUX2A==",
      "engines": {
        "node": ">=4"
      }
    },
    "node_modules/json-bigint": {
      "version": "0.3.1",
      "resolved": "https://registry.npmjs.org/json-bigint/-/json-bigint-0.3.1.tgz",
      "integrity": "sha512-DGWnSzmusIreWlEupsUelHrhwmPPE+FiQvg+drKfk2p+bdEYa5mp4PJ8JsCWqae0M2jQNb0HPvnwvf1qOTThzQ==",
      "dependencies": {
        "bignumber.js": "^9.0.0"
      }
    },
    "node_modules/jwa": {
      "version": "1.4.1",
      "resolved": "https://registry.npmjs.org/jwa/-/jwa-1.4.1.tgz",
      "integrity": "sha512-qiLX/xhEEFKUAJ6FiBMbes3w9ATzyk5W7Hvzpa/SLYdxNtng+gcurvrI7TbACjIXlsJyr05/S1oUhZrc63evQA==",
      "dependencies": {
        "buffer-equal-constant-time": "1.0.1",
        "ecdsa-sig-formatter": "1.0.11",
        "safe-buffer": "^5.0.1"
      }
    },
    "node_modules/jws": {
      "version": "3.2.2",
      "resolved": "https://registry.npmjs.org/jws/-/jws-3.2.2.tgz",
      "integrity": "sha512-YHlZCB6lMTllWDtSPHz/ZXTsi8S00usEV6v1tjq8tOUZzw7DpSDWVXjXDre6ed1w/pd495ODpHZYSdkRTsa0HA==",
      "dependencies": {
        "jwa": "^1.4.1",
        "safe-buffer": "^5.0.1"
      }
    },
    "node_modules/lodash.isstring": {
      "version": "4.0.1",
      "resolved": "https://registry.npmjs.org/lodash.isstring/-/lodash.isstring-4.0.1.tgz",
      "integrity": "sha1-1SfftUVuynzJu5XV2ur4i6VKVFE="
    },
    "node_modules/lru-cache": {
      "version": "4.1.5",
      "resolved": "https://registry.npmjs.org/lru-cache/-/lru-cache-4.1.5.tgz",
      "integrity": "sha512-sWZlbEP2OsHNkXrMl5GYk/jKk70MBng6UU4YI/qGDYbgf6YbP4EvmqISbXCoJiRKs+1bSpFHVgQxvJ17F2li5g==",
      "dependencies": {
        "pseudomap": "^1.0.2",
        "yallist": "^2.1.2"
      }
    },
    "node_modules/mime": {
      "version": "2.4.6",
      "resolved": "https://registry.npmjs.org/mime/-/mime-2.4.6.tgz",
      "integrity": "sha512-RZKhC3EmpBchfTGBVb8fb+RL2cWyw/32lshnsETttkBAyAUXSGHxbEJWWRXc751DrIxG1q04b8QwMbAwkRPpUA==",
      "bin": {
        "mime": "cli.js"
      },
      "engines": {
        "node": ">=4.0.0"
      }
    },
    "node_modules/minimatch": {
      "version": "3.0.4",
      "resolved": "https://registry.npmjs.org/minimatch/-/minimatch-3.0.4.tgz",
      "integrity": "sha512-yJHVQEhyqPLUTgt9B83PXu6W3rx4MvvHvSUvToogpwoGDOUQ+yDrR0HRot+yOCdCO7u4hX3pWft6kWBBcqh0UA==",
      "dependencies": {
        "brace-expansion": "^1.1.7"
      },
      "engines": {
        "node": "*"
      }
    },
    "node_modules/ms": {
      "version": "2.1.2",
      "resolved": "https://registry.npmjs.org/ms/-/ms-2.1.2.tgz",
      "integrity": "sha512-sGkPx+VjMtmA6MX27oA4FBFELFCZZ4S4XqeGOXCv68tT+jb3vk/RyaKWP0PTKyWtmLSM0b+adUTEvbs1PEaH2w=="
    },
    "node_modules/node-fetch": {
      "version": "2.6.1",
      "resolved": "https://registry.npmjs.org/node-fetch/-/node-fetch-2.6.1.tgz",
      "integrity": "sha512-V4aYg89jEoVRxRb2fJdAg8FHvI7cEyYdVAh94HH0UIK8oJxUfkjlDQN9RbMx+bEjP7+ggMiFRprSti032Oipxw==",
      "engines": {
        "node": "4.x || >=6.0.0"
      }
    },
    "node_modules/node-forge": {
      "version": "0.8.5",
      "resolved": "https://registry.npmjs.org/node-forge/-/node-forge-0.8.5.tgz",
      "integrity": "sha512-vFMQIWt+J/7FLNyKouZ9TazT74PRV3wgv9UT4cRjC8BffxFbKXkgIWR42URCPSnHm/QDz6BOlb2Q0U4+VQT67Q==",
      "engines": {
        "node": ">= 4.5.0"
      }
    },
    "node_modules/once": {
      "version": "1.4.0",
      "resolved": "https://registry.npmjs.org/once/-/once-1.4.0.tgz",
      "integrity": "sha1-WDsap3WWHUsROsF9nFC6753Xa9E=",
      "dependencies": {
        "wrappy": "1"
      }
    },
    "node_modules/path-is-absolute": {
      "version": "1.0.1",
      "resolved": "https://registry.npmjs.org/path-is-absolute/-/path-is-absolute-1.0.1.tgz",
      "integrity": "sha1-F0uSaHNVNP+8es5r9TpanhtcX18=",
      "engines": {
        "node": ">=0.10.0"
      }
    },
    "node_modules/pify": {
      "version": "4.0.1",
      "resolved": "https://registry.npmjs.org/pify/-/pify-4.0.1.tgz",
      "integrity": "sha512-uB80kBFb/tfd68bVleG9T5GGsGPjJrLAUpR5PZIrhBnIaRTQRjqdJSsIKkOP6OAIFbj7GOrcudc5pNjZ+geV2g==",
      "engines": {
        "node": ">=6"
      }
    },
    "node_modules/pseudomap": {
      "version": "1.0.2",
      "resolved": "https://registry.npmjs.org/pseudomap/-/pseudomap-1.0.2.tgz",
      "integrity": "sha1-8FKijacOYYkX7wqKw0wa5aaChrM="
    },
    "node_modules/qs": {
      "version": "6.9.4",
      "resolved": "https://registry.npmjs.org/qs/-/qs-6.9.4.tgz",
      "integrity": "sha512-A1kFqHekCTM7cz0udomYUoYNWjBebHm/5wzU/XqrBRBNWectVH0QIiN+NEcZ0Dte5hvzHwbr8+XQmguPhJ6WdQ==",
      "engines": {
        "node": ">=0.6"
      }
    },
    "node_modules/retry-axios": {
      "version": "0.3.2",
      "resolved": "https://registry.npmjs.org/retry-axios/-/retry-axios-0.3.2.tgz",
      "integrity": "sha512-jp4YlI0qyDFfXiXGhkCOliBN1G7fRH03Nqy8YdShzGqbY5/9S2x/IR6C88ls2DFkbWuL3ASkP7QD3pVrNpPgwQ=="
    },
    "node_modules/safe-buffer": {
      "version": "5.2.1",
      "resolved": "https://registry.npmjs.org/safe-buffer/-/safe-buffer-5.2.1.tgz",
      "integrity": "sha512-rp3So07KcdmmKbGvgaNxQSJr7bGVSVk5S9Eq1F+ppbRo70+YeaDxkw5Dd8NPN+GD6bjnYm2VuPuCXmpuYvmCXQ=="
    },
    "node_modules/semver": {
      "version": "5.7.1",
      "resolved": "https://registry.npmjs.org/semver/-/semver-5.7.1.tgz",
      "integrity": "sha512-sauaDf/PZdVgrLTNYHRtpXa1iRiKcaebiKQ1BJdpQlWH2lCvexQdX55snPFyK7QzpudqbCI0qXFfOasHdyNDGQ==",
      "bin": {
        "semver": "bin/semver"
      }
    },
    "node_modules/url-template": {
      "version": "2.0.8",
      "resolved": "https://registry.npmjs.org/url-template/-/url-template-2.0.8.tgz",
      "integrity": "sha1-/FZaPMy/93MMd19WQflVV5FDnyE="
    },
    "node_modules/uuid": {
      "version": "3.4.0",
      "resolved": "https://registry.npmjs.org/uuid/-/uuid-3.4.0.tgz",
      "integrity": "sha512-HjSDRw6gZE5JMggctHBcjVak08+KEVhSIiDzFnT9S9aegmp85S/bReBVTb4QTFaRNptJ9kuYaNhnbNEOkbKb/A==",
      "bin": {
        "uuid": "bin/uuid"
      }
    },
    "node_modules/wrappy": {
      "version": "1.0.2",
      "resolved": "https://registry.npmjs.org/wrappy/-/wrappy-1.0.2.tgz",
      "integrity": "sha1-tSQ9jz7BqjXxNkYFvA0QNuMKtp8="
    },
    "node_modules/yallist": {
      "version": "2.1.2",
      "resolved": "https://registry.npmjs.org/yallist/-/yallist-2.1.2.tgz",
      "integrity": "sha1-HBH5IY8HYImkfdUS+TxmmaaoHVI="
    }
  },
  "dependencies": {
    "@types/aws-lambda": {
      "version": "0.0.33",
      "resolved": "https://registry.npmjs.org/@types/aws-lambda/-/aws-lambda-0.0.33.tgz",
      "integrity": "sha512-p13MzAb/1ZJK1h0jDhRjdFqlRHC44HAOS7qYuVpn7NnFDv8UdNbRjExfhK69syvI9IoIR4NN4dRGjpVDsN6tEQ=="
    },
    "@types/body-parser": {
      "version": "1.19.0",
      "resolved": "https://registry.npmjs.org/@types/body-parser/-/body-parser-1.19.0.tgz",
      "integrity": "sha512-W98JrE0j2K78swW4ukqMleo8R7h/pFETjM2DQ90MF6XK2i4LO4W3gQ71Lt4w3bfm2EvVSyWHplECvB5sK22yFQ==",
      "requires": {
        "@types/connect": "*",
        "@types/node": "*"
      }
    },
    "@types/connect": {
      "version": "3.4.33",
      "resolved": "https://registry.npmjs.org/@types/connect/-/connect-3.4.33.tgz",
      "integrity": "sha512-2+FrkXY4zllzTNfJth7jOqEHC+enpLeGslEhpnTAkg21GkRrWV4SsAtqchtT4YS9/nODBU2/ZfsBY2X4J/dX7A==",
      "requires": {
        "@types/node": "*"
      }
    },
    "@types/debug": {
      "version": "0.0.30",
      "resolved": "https://registry.npmjs.org/@types/debug/-/debug-0.0.30.tgz",
      "integrity": "sha512-orGL5LXERPYsLov6CWs3Fh6203+dXzJkR7OnddIr2514Hsecwc8xRpzCapshBbKFImCsvS/mk6+FWiN5LyZJAQ=="
    },
    "@types/express": {
      "version": "4.17.8",
      "resolved": "https://registry.npmjs.org/@types/express/-/express-4.17.8.tgz",
      "integrity": "sha512-wLhcKh3PMlyA2cNAB9sjM1BntnhPMiM0JOBwPBqttjHev2428MLEB4AYVN+d8s2iyCVZac+o41Pflm/ZH5vLXQ==",
      "requires": {
        "@types/body-parser": "*",
        "@types/express-serve-static-core": "*",
        "@types/qs": "*",
        "@types/serve-static": "*"
      }
    },
    "@types/express-serve-static-core": {
      "version": "4.17.13",
      "resolved": "https://registry.npmjs.org/@types/express-serve-static-core/-/express-serve-static-core-4.17.13.tgz",
      "integrity": "sha512-RgDi5a4nuzam073lRGKTUIaL3eF2+H7LJvJ8eUnCI0wA6SNjXc44DCmWNiTLs/AZ7QlsFWZiw/gTG3nSQGL0fA==",
      "requires": {
        "@types/node": "*",
        "@types/qs": "*",
        "@types/range-parser": "*"
      }
    },
    "@types/mime": {
      "version": "2.0.3",
      "resolved": "https://registry.npmjs.org/@types/mime/-/mime-2.0.3.tgz",
      "integrity": "sha512-Jus9s4CDbqwocc5pOAnh8ShfrnMcPHuJYzVcSUU7lrh8Ni5HuIqX3oilL86p3dlTrk0LzHRCgA/GQ7uNCw6l2Q=="
    },
    "@types/node": {
      "version": "9.6.59",
      "resolved": "https://registry.npmjs.org/@types/node/-/node-9.6.59.tgz",
      "integrity": "sha512-TX/dHK9lFrXoMFtHdF3oyEw6EpfYfu+8AZ1zP6Oj3rOiQGbit2rgQlJzvBRx712b9ReaCfkSNPRXYzZDYI4YSw=="
    },
    "@types/qs": {
      "version": "6.9.5",
      "resolved": "https://registry.npmjs.org/@types/qs/-/qs-6.9.5.tgz",
      "integrity": "sha512-/JHkVHtx/REVG0VVToGRGH2+23hsYLHdyG+GrvoUGlGAd0ErauXDyvHtRI/7H7mzLm+tBCKA7pfcpkQ1lf58iQ=="
    },
    "@types/range-parser": {
      "version": "1.2.3",
      "resolved": "https://registry.npmjs.org/@types/range-parser/-/range-parser-1.2.3.tgz",
      "integrity": "sha512-ewFXqrQHlFsgc09MK5jP5iR7vumV/BYayNC6PgJO2LPe8vrnNFyjQjSppfEngITi0qvfKtzFvgKymGheFM9UOA=="
    },
    "@types/serve-static": {
      "version": "1.13.5",
      "resolved": "https://registry.npmjs.org/@types/serve-static/-/serve-static-1.13.5.tgz",
      "integrity": "sha512-6M64P58N+OXjU432WoLLBQxbA0LRGBCRm7aAGQJ+SMC1IMl0dgRVi9EFfoDcS2a7Xogygk/eGN94CfwU9UF7UQ==",
      "requires": {
        "@types/express-serve-static-core": "*",
        "@types/mime": "*"
      }
    },
    "abort-controller": {
      "version": "3.0.0",
      "resolved": "https://registry.npmjs.org/abort-controller/-/abort-controller-3.0.0.tgz",
      "integrity": "sha512-h8lQ8tacZYnR3vNQTgibj+tODHI5/+l06Au2Pcriv/Gmet0eaj4TwWH41sO9wnHDiQsEj19q0drzdWdeAHtweg==",
      "requires": {
        "event-target-shim": "^5.0.0"
      }
    },
    "actions-on-google": {
      "version": "2.14.0",
      "resolved": "https://registry.npmjs.org/actions-on-google/-/actions-on-google-2.14.0.tgz",
      "integrity": "sha512-msrXIyjoB3FeFhhQTIOe7//XzDcXg06PyHAwfM4dFJF8siC4B9MrhClh5P5x/fkgAtoKh6/mY5JKbA85EDLHyw==",
      "requires": {
        "@types/aws-lambda": "^0.0.33",
        "@types/debug": "^0.0.30",
        "@types/express": "~4.17.7",
        "debug": "^3.1.0",
        "google-auth-library": "^1.6.1",
        "googleapis": "^39.2.0"
      }
    },
    "agent-base": {
      "version": "4.3.0",
      "resolved": "https://registry.npmjs.org/agent-base/-/agent-base-4.3.0.tgz",
      "integrity": "sha512-salcGninV0nPrwpGNn4VTXBb1SOuXQBiqbrNXoeizJsHrsL6ERFM2Ne3JUSBWRE6aeNJI2ROP/WEEIDUiDe3cg==",
      "requires": {
        "es6-promisify": "^5.0.0"
      }
    },
    "axios": {
      "version": "0.18.1",
      "resolved": "https://registry.npmjs.org/axios/-/axios-0.18.1.tgz",
      "integrity": "sha512-0BfJq4NSfQXd+SkFdrvFbG7addhYSBA2mQwISr46pD6E5iqkWg02RAs8vyTT/j0RTnoYmeXauBuSv1qKwR179g==",
      "requires": {
        "follow-redirects": "1.5.10",
        "is-buffer": "^2.0.2"
      }
    },
    "balanced-match": {
      "version": "1.0.0",
      "resolved": "https://registry.npmjs.org/balanced-match/-/balanced-match-1.0.0.tgz",
      "integrity": "sha1-ibTRmasr7kneFk6gK4nORi1xt2c="
    },
    "base64-js": {
      "version": "1.3.1",
      "resolved": "https://registry.npmjs.org/base64-js/-/base64-js-1.3.1.tgz",
      "integrity": "sha512-mLQ4i2QO1ytvGWFWmcngKO//JXAQueZvwEKtjgQFM4jIK0kU+ytMfplL8j+n5mspOfjHwoAg+9yhb7BwAHm36g=="
    },
    "bignumber.js": {
      "version": "9.0.1",
      "resolved": "https://registry.npmjs.org/bignumber.js/-/bignumber.js-9.0.1.tgz",
      "integrity": "sha512-IdZR9mh6ahOBv/hYGiXyVuyCetmGJhtYkqLBpTStdhEGjegpPlUawydyaF3pbIOFynJTpllEs+NP+CS9jKFLjA=="
    },
    "brace-expansion": {
      "version": "1.1.11",
      "resolved": "https://registry.npmjs.org/brace-expansion/-/brace-expansion-1.1.11.tgz",
      "integrity": "sha512-iCuPHDFgrHX7H2vEI/5xpz07zSHB00TpugqhmYtVmMO6518mCuRMoOYFldEBl0g187ufozdaHgWKcYFb61qGiA==",
      "requires": {
        "balanced-match": "^1.0.0",
        "concat-map": "0.0.1"
      }
    },
    "buffer-equal-constant-time": {
      "version": "1.0.1",
      "resolved": "https://registry.npmjs.org/buffer-equal-constant-time/-/buffer-equal-constant-time-1.0.1.tgz",
      "integrity": "sha1-+OcRMvf/5uAaXJaXpMbz5I1cyBk="
    },
    "concat-map": {
      "version": "0.0.1",
      "resolved": "https://registry.npmjs.org/concat-map/-/concat-map-0.0.1.tgz",
      "integrity": "sha1-2Klr13/Wjfd5OnMDajug1UBdR3s="
    },
    "debug": {
      "version": "3.2.6",
      "resolved": "https://registry.npmjs.org/debug/-/debug-3.2.6.tgz",
      "integrity": "sha512-mel+jf7nrtEl5Pn1Qx46zARXKDpBbvzezse7p7LqINmdoIk8PYP5SySaxEmYv6TZ0JyEKA1hsCId6DIhgITtWQ==",
      "requires": {
        "ms": "^2.1.1"
      }
    },
    "ecdsa-sig-formatter": {
      "version": "1.0.11",
      "resolved": "https://registry.npmjs.org/ecdsa-sig-formatter/-/ecdsa-sig-formatter-1.0.11.tgz",
      "integrity": "sha512-nagl3RYrbNv6kQkeJIpt6NJZy8twLB/2vtz6yN9Z4vRKHN4/QZJIEbqohALSgwKdnksuY3k5Addp5lg8sVoVcQ==",
      "requires": {
        "safe-buffer": "^5.0.1"
      }
    },
    "es6-promise": {
      "version": "4.2.8",
      "resolved": "https://registry.npmjs.org/es6-promise/-/es6-promise-4.2.8.tgz",
      "integrity": "sha512-HJDGx5daxeIvxdBxvG2cb9g4tEvwIk3i8+nhX0yGrYmZUzbkdg8QbDevheDB8gd0//uPj4c1EQua8Q+MViT0/w=="
    },
    "es6-promisify": {
      "version": "5.0.0",
      "resolved": "https://registry.npmjs.org/es6-promisify/-/es6-promisify-5.0.0.tgz",
      "integrity": "sha1-UQnWLz5W6pZ8S2NQWu8IKRyKUgM=",
      "requires": {
        "es6-promise": "^4.0.3"
      }
    },
    "event-target-shim": {
      "version": "5.0.1",
      "resolved": "https://registry.npmjs.org/event-target-shim/-/event-target-shim-5.0.1.tgz",
      "integrity": "sha512-i/2XbnSz/uxRCU6+NdVJgKWDTM427+MqYbkQzD321DuCQJUqOuJKIA0IM2+W2xtYHdKOmZ4dR6fExsd4SXL+WQ=="
    },
    "extend": {
      "version": "3.0.2",
      "resolved": "https://registry.npmjs.org/extend/-/extend-3.0.2.tgz",
      "integrity": "sha512-fjquC59cD7CyW6urNXK0FBufkZcoiGG80wTuPujX590cB5Ttln20E2UB4S/WARVqhXffZl2LNgS+gQdPIIim/g=="
    },
    "fast-text-encoding": {
      "version": "1.0.3",
      "resolved": "https://registry.npmjs.org/fast-text-encoding/-/fast-text-encoding-1.0.3.tgz",
      "integrity": "sha512-dtm4QZH9nZtcDt8qJiOH9fcQd1NAgi+K1O2DbE6GG1PPCK/BWfOH3idCTRQ4ImXRUOyopDEgDEnVEE7Y/2Wrig=="
    },
    "follow-redirects": {
      "version": "1.5.10",
      "resolved": "https://registry.npmjs.org/follow-redirects/-/follow-redirects-1.5.10.tgz",
      "integrity": "sha512-0V5l4Cizzvqt5D44aTXbFZz+FtyXV1vrDN6qrelxtfYQKW0KO0W2T/hkE8xvGa/540LkZlkaUjO4ailYTFtHVQ==",
      "requires": {
        "debug": "=3.1.0"
      },
      "dependencies": {
        "debug": {
          "version": "3.1.0",
          "resolved": "https://registry.npmjs.org/debug/-/debug-3.1.0.tgz",
          "integrity": "sha512-OX8XqP7/1a9cqkxYw2yXss15f26NKWBpDXQd0/uK/KPqdQhxbPa994hnzjcE2VqQpDslf55723cKPUOGSmMY3g==",
          "requires": {
            "ms": "2.0.0"
          }
        },
        "ms": {
          "version": "2.0.0",
          "resolved": "https://registry.npmjs.org/ms/-/ms-2.0.0.tgz",
          "integrity": "sha1-VgiurfwAvmwpAd9fmGF4jeDVl8g="
        }
      }
    },
    "fs.realpath": {
      "version": "1.0.0",
      "resolved": "https://registry.npmjs.org/fs.realpath/-/fs.realpath-1.0.0.tgz",
      "integrity": "sha1-FQStJSMVjKpA20onh8sBQRmU6k8="
    },
    "gaxios": {
      "version": "1.8.4",
      "resolved": "https://registry.npmjs.org/gaxios/-/gaxios-1.8.4.tgz",
      "integrity": "sha512-BoENMnu1Gav18HcpV9IleMPZ9exM+AvUjrAOV4Mzs/vfz2Lu/ABv451iEXByKiMPn2M140uul1txXCg83sAENw==",
      "requires": {
        "abort-controller": "^3.0.0",
        "extend": "^3.0.2",
        "https-proxy-agent": "^2.2.1",
        "node-fetch": "^2.3.0"
      }
    },
    "gcp-metadata": {
      "version": "0.6.3",
      "resolved": "https://registry.npmjs.org/gcp-metadata/-/gcp-metadata-0.6.3.tgz",
      "integrity": "sha512-MSmczZctbz91AxCvqp9GHBoZOSbJKAICV7Ow/AIWSJZRrRchUd5NL1b2P4OfP+4m490BEUPhhARfpHdqCxuCvg==",
      "requires": {
        "axios": "^0.18.0",
        "extend": "^3.0.1",
        "retry-axios": "0.3.2"
      }
    },
    "glob": {
      "version": "7.1.7",
      "resolved": "https://registry.npmjs.org/glob/-/glob-7.1.7.tgz",
      "integrity": "sha512-OvD9ENzPLbegENnYP5UUfJIirTg4+XwMWGaQfQTY0JenxNvvIKP3U3/tAQSPIu/lHxXYSZmpXlUHeqAIdKzBLQ==",
      "requires": {
        "fs.realpath": "^1.0.0",
        "inflight": "^1.0.4",
        "inherits": "2",
        "minimatch": "^3.0.4",
        "once": "^1.3.0",
        "path-is-absolute": "^1.0.0"
      }
    },
    "google-auth-library": {
      "version": "1.6.1",
      "resolved": "https://registry.npmjs.org/google-auth-library/-/google-auth-library-1.6.1.tgz",
      "integrity": "sha512-jYiWC8NA9n9OtQM7ANn0Tk464do9yhKEtaJ72pKcaBiEwn4LwcGYIYOfwtfsSm3aur/ed3tlSxbmg24IAT6gAg==",
      "requires": {
        "axios": "^0.18.0",
        "gcp-metadata": "^0.6.3",
        "gtoken": "^2.3.0",
        "jws": "^3.1.5",
        "lodash.isstring": "^4.0.1",
        "lru-cache": "^4.1.3",
        "retry-axios": "^0.3.2"
      }
    },
    "google-p12-pem": {
      "version": "1.0.4",
      "resolved": "https://registry.npmjs.org/google-p12-pem/-/google-p12-pem-1.0.4.tgz",
      "integrity": "sha512-SwLAUJqUfTB2iS+wFfSS/G9p7bt4eWcc2LyfvmUXe7cWp6p3mpxDo6LLI29MXdU6wvPcQ/up298X7GMC5ylAlA==",
      "requires": {
        "node-forge": "^0.8.0",
        "pify": "^4.0.0"
      }
    },
    "googleapis": {
      "version": "39.2.0",
      "resolved": "https://registry.npmjs.org/googleapis/-/googleapis-39.2.0.tgz",
      "integrity": "sha512-66X8TG1B33zAt177sG1CoKoYHPP/B66tEpnnSANGCqotMuY5gqSQO8G/0gqHZR2jRgc5CHSSNOJCnpI0SuDxMQ==",
      "requires": {
        "google-auth-library": "^3.0.0",
        "googleapis-common": "^0.7.0"
      },
      "dependencies": {
        "gcp-metadata": {
          "version": "1.0.0",
          "resolved": "https://registry.npmjs.org/gcp-metadata/-/gcp-metadata-1.0.0.tgz",
          "integrity": "sha512-Q6HrgfrCQeEircnNP3rCcEgiDv7eF9+1B+1MMgpE190+/+0mjQR8PxeOaRgxZWmdDAF9EIryHB9g1moPiw1SbQ==",
          "requires": {
            "gaxios": "^1.0.2",
            "json-bigint": "^0.3.0"
          }
        },
        "google-auth-library": {
          "version": "3.1.2",
          "resolved": "https://registry.npmjs.org/google-auth-library/-/google-auth-library-3.1.2.tgz",
          "integrity": "sha512-cDQMzTotwyWMrg5jRO7q0A4TL/3GWBgO7I7q5xGKNiiFf9SmGY/OJ1YsLMgI2MVHHsEGyrqYnbnmV1AE+Z6DnQ==",
          "requires": {
            "base64-js": "^1.3.0",
            "fast-text-encoding": "^1.0.0",
            "gaxios": "^1.2.1",
            "gcp-metadata": "^1.0.0",
            "gtoken": "^2.3.2",
            "https-proxy-agent": "^2.2.1",
            "jws": "^3.1.5",
            "lru-cache": "^5.0.0",
            "semver": "^5.5.0"
          }
        },
        "lru-cache": {
          "version": "5.1.1",
          "resolved": "https://registry.npmjs.org/lru-cache/-/lru-cache-5.1.1.tgz",
          "integrity": "sha512-KpNARQA3Iwv+jTA0utUVVbrh+Jlrr1Fv0e56GGzAFOXN7dk/FviaDW8LHmK52DlcH4WP2n6gI8vN1aesBFgo9w==",
          "requires": {
            "yallist": "^3.0.2"
          }
        },
        "yallist": {
          "version": "3.1.1",
          "resolved": "https://registry.npmjs.org/yallist/-/yallist-3.1.1.tgz",
          "integrity": "sha512-a4UGQaWPH59mOXUYnAG2ewncQS4i4F43Tv3JoAM+s2VDAmS9NsK8GpDMLrCHPksFT7h3K6TOoUNn2pb7RoXx4g=="
        }
      }
    },
    "googleapis-common": {
      "version": "0.7.2",
      "resolved": "https://registry.npmjs.org/googleapis-common/-/googleapis-common-0.7.2.tgz",
      "integrity": "sha512-9DEJIiO4nS7nw0VE1YVkEfXEj8x8MxsuB+yZIpOBULFSN9OIKcUU8UuKgSZFU4lJmRioMfngktrbkMwWJcUhQg==",
      "requires": {
        "gaxios": "^1.2.2",
        "google-auth-library": "^3.0.0",
        "pify": "^4.0.0",
        "qs": "^6.5.2",
        "url-template": "^2.0.8",
        "uuid": "^3.2.1"
      },
      "dependencies": {
        "gcp-metadata": {
          "version": "1.0.0",
          "resolved": "https://registry.npmjs.org/gcp-metadata/-/gcp-metadata-1.0.0.tgz",
          "integrity": "sha512-Q6HrgfrCQeEircnNP3rCcEgiDv7eF9+1B+1MMgpE190+/+0mjQR8PxeOaRgxZWmdDAF9EIryHB9g1moPiw1SbQ==",
          "requires": {
            "gaxios": "^1.0.2",
            "json-bigint": "^0.3.0"
          }
        },
        "google-auth-library": {
          "version": "3.1.2",
          "resolved": "https://registry.npmjs.org/google-auth-library/-/google-auth-library-3.1.2.tgz",
          "integrity": "sha512-cDQMzTotwyWMrg5jRO7q0A4TL/3GWBgO7I7q5xGKNiiFf9SmGY/OJ1YsLMgI2MVHHsEGyrqYnbnmV1AE+Z6DnQ==",
          "requires": {
            "base64-js": "^1.3.0",
            "fast-text-encoding": "^1.0.0",
            "gaxios": "^1.2.1",
            "gcp-metadata": "^1.0.0",
            "gtoken": "^2.3.2",
            "https-proxy-agent": "^2.2.1",
            "jws": "^3.1.5",
            "lru-cache": "^5.0.0",
            "semver": "^5.5.0"
          }
        },
        "lru-cache": {
          "version": "5.1.1",
          "resolved": "https://registry.npmjs.org/lru-cache/-/lru-cache-5.1.1.tgz",
          "integrity": "sha512-KpNARQA3Iwv+jTA0utUVVbrh+Jlrr1Fv0e56GGzAFOXN7dk/FviaDW8LHmK52DlcH4WP2n6gI8vN1aesBFgo9w==",
          "requires": {
            "yallist": "^3.0.2"
          }
        },
        "yallist": {
          "version": "3.1.1",
          "resolved": "https://registry.npmjs.org/yallist/-/yallist-3.1.1.tgz",
          "integrity": "sha512-a4UGQaWPH59mOXUYnAG2ewncQS4i4F43Tv3JoAM+s2VDAmS9NsK8GpDMLrCHPksFT7h3K6TOoUNn2pb7RoXx4g=="
        }
      }
    },
    "gtoken": {
      "version": "2.3.3",
      "resolved": "https://registry.npmjs.org/gtoken/-/gtoken-2.3.3.tgz",
      "integrity": "sha512-EaB49bu/TCoNeQjhCYKI/CurooBKkGxIqFHsWABW0b25fobBYVTMe84A8EBVVZhl8emiUdNypil9huMOTmyAnw==",
      "requires": {
        "gaxios": "^1.0.4",
        "google-p12-pem": "^1.0.0",
        "jws": "^3.1.5",
        "mime": "^2.2.0",
        "pify": "^4.0.0"
      }
    },
    "https-proxy-agent": {
      "version": "2.2.4",
      "resolved": "https://registry.npmjs.org/https-proxy-agent/-/https-proxy-agent-2.2.4.tgz",
      "integrity": "sha512-OmvfoQ53WLjtA9HeYP9RNrWMJzzAz1JGaSFr1nijg0PVR1JaD/xbJq1mdEIIlxGpXp9eSe/O2LgU9DJmTPd0Eg==",
      "requires": {
        "agent-base": "^4.3.0",
        "debug": "^3.1.0"
      }
    },
    "inflight": {
      "version": "1.0.6",
      "resolved": "https://registry.npmjs.org/inflight/-/inflight-1.0.6.tgz",
      "integrity": "sha1-Sb1jMdfQLQwJvJEKEHW6gWW1bfk=",
      "requires": {
        "once": "^1.3.0",
        "wrappy": "1"
      }
    },
    "inherits": {
      "version": "2.0.4",
      "resolved": "https://registry.npmjs.org/inherits/-/inherits-2.0.4.tgz",
      "integrity": "sha512-k/vGaX4/Yla3WzyMCvTQOXYeIHvqOKtnqBduzTHpzpQZzAskKMhZ2K+EnBiSM9zGSoIFeMpXKxa4dYeZIQqewQ=="
    },
    "is-buffer": {
      "version": "2.0.4",
      "resolved": "https://registry.npmjs.org/is-buffer/-/is-buffer-2.0.4.tgz",
      "integrity": "sha512-Kq1rokWXOPXWuaMAqZiJW4XxsmD9zGx9q4aePabbn3qCRGedtH7Cm+zV8WETitMfu1wdh+Rvd6w5egwSngUX2A=="
    },
    "json-bigint": {
      "version": "0.3.1",
      "resolved": "https://registry.npmjs.org/json-bigint/-/json-bigint-0.3.1.tgz",
      "integrity": "sha512-DGWnSzmusIreWlEupsUelHrhwmPPE+FiQvg+drKfk2p+bdEYa5mp4PJ8JsCWqae0M2jQNb0HPvnwvf1qOTThzQ==",
      "requires": {
        "bignumber.js": "^9.0.0"
      }
    },
    "jwa": {
      "version": "1.4.1",
      "resolved": "https://registry.npmjs.org/jwa/-/jwa-1.4.1.tgz",
      "integrity": "sha512-qiLX/xhEEFKUAJ6FiBMbes3w9ATzyk5W7Hvzpa/SLYdxNtng+gcurvrI7TbACjIXlsJyr05/S1oUhZrc63evQA==",
      "requires": {
        "buffer-equal-constant-time": "1.0.1",
        "ecdsa-sig-formatter": "1.0.11",
        "safe-buffer": "^5.0.1"
      }
    },
    "jws": {
      "version": "3.2.2",
      "resolved": "https://registry.npmjs.org/jws/-/jws-3.2.2.tgz",
      "integrity": "sha512-YHlZCB6lMTllWDtSPHz/ZXTsi8S00usEV6v1tjq8tOUZzw7DpSDWVXjXDre6ed1w/pd495ODpHZYSdkRTsa0HA==",
      "requires": {
        "jwa": "^1.4.1",
        "safe-buffer": "^5.0.1"
      }
    },
    "lodash.isstring": {
      "version": "4.0.1",
      "resolved": "https://registry.npmjs.org/lodash.isstring/-/lodash.isstring-4.0.1.tgz",
      "integrity": "sha1-1SfftUVuynzJu5XV2ur4i6VKVFE="
    },
    "lru-cache": {
      "version": "4.1.5",
      "resolved": "https://registry.npmjs.org/lru-cache/-/lru-cache-4.1.5.tgz",
      "integrity": "sha512-sWZlbEP2OsHNkXrMl5GYk/jKk70MBng6UU4YI/qGDYbgf6YbP4EvmqISbXCoJiRKs+1bSpFHVgQxvJ17F2li5g==",
      "requires": {
        "pseudomap": "^1.0.2",
        "yallist": "^2.1.2"
      }
    },
    "mime": {
      "version": "2.4.6",
      "resolved": "https://registry.npmjs.org/mime/-/mime-2.4.6.tgz",
      "integrity": "sha512-RZKhC3EmpBchfTGBVb8fb+RL2cWyw/32lshnsETttkBAyAUXSGHxbEJWWRXc751DrIxG1q04b8QwMbAwkRPpUA=="
    },
    "minimatch": {
      "version": "3.0.4",
      "resolved": "https://registry.npmjs.org/minimatch/-/minimatch-3.0.4.tgz",
      "integrity": "sha512-yJHVQEhyqPLUTgt9B83PXu6W3rx4MvvHvSUvToogpwoGDOUQ+yDrR0HRot+yOCdCO7u4hX3pWft6kWBBcqh0UA==",
      "requires": {
        "brace-expansion": "^1.1.7"
      }
    },
    "ms": {
      "version": "2.1.2",
      "resolved": "https://registry.npmjs.org/ms/-/ms-2.1.2.tgz",
      "integrity": "sha512-sGkPx+VjMtmA6MX27oA4FBFELFCZZ4S4XqeGOXCv68tT+jb3vk/RyaKWP0PTKyWtmLSM0b+adUTEvbs1PEaH2w=="
    },
    "node-fetch": {
      "version": "2.6.1",
      "resolved": "https://registry.npmjs.org/node-fetch/-/node-fetch-2.6.1.tgz",
      "integrity": "sha512-V4aYg89jEoVRxRb2fJdAg8FHvI7cEyYdVAh94HH0UIK8oJxUfkjlDQN9RbMx+bEjP7+ggMiFRprSti032Oipxw=="
    },
    "node-forge": {
      "version": "0.8.5",
      "resolved": "https://registry.npmjs.org/node-forge/-/node-forge-0.8.5.tgz",
      "integrity": "sha512-vFMQIWt+J/7FLNyKouZ9TazT74PRV3wgv9UT4cRjC8BffxFbKXkgIWR42URCPSnHm/QDz6BOlb2Q0U4+VQT67Q=="
    },
    "once": {
      "version": "1.4.0",
      "resolved": "https://registry.npmjs.org/once/-/once-1.4.0.tgz",
      "integrity": "sha1-WDsap3WWHUsROsF9nFC6753Xa9E=",
      "requires": {
        "wrappy": "1"
      }
    },
    "path-is-absolute": {
      "version": "1.0.1",
      "resolved": "https://registry.npmjs.org/path-is-absolute/-/path-is-absolute-1.0.1.tgz",
      "integrity": "sha1-F0uSaHNVNP+8es5r9TpanhtcX18="
    },
    "pify": {
      "version": "4.0.1",
      "resolved": "https://registry.npmjs.org/pify/-/pify-4.0.1.tgz",
      "integrity": "sha512-uB80kBFb/tfd68bVleG9T5GGsGPjJrLAUpR5PZIrhBnIaRTQRjqdJSsIKkOP6OAIFbj7GOrcudc5pNjZ+geV2g=="
    },
    "pseudomap": {
      "version": "1.0.2",
      "resolved": "https://registry.npmjs.org/pseudomap/-/pseudomap-1.0.2.tgz",
      "integrity": "sha1-8FKijacOYYkX7wqKw0wa5aaChrM="
    },
    "qs": {
      "version": "6.9.4",
      "resolved": "https://registry.npmjs.org/qs/-/qs-6.9.4.tgz",
      "integrity": "sha512-A1kFqHekCTM7cz0udomYUoYNWjBebHm/5wzU/XqrBRBNWectVH0QIiN+NEcZ0Dte5hvzHwbr8+XQmguPhJ6WdQ=="
    },
    "retry-axios": {
      "version": "0.3.2",
      "resolved": "https://registry.npmjs.org/retry-axios/-/retry-axios-0.3.2.tgz",
      "integrity": "sha512-jp4YlI0qyDFfXiXGhkCOliBN1G7fRH03Nqy8YdShzGqbY5/9S2x/IR6C88ls2DFkbWuL3ASkP7QD3pVrNpPgwQ=="
    },
    "safe-buffer": {
      "version": "5.2.1",
      "resolved": "https://registry.npmjs.org/safe-buffer/-/safe-buffer-5.2.1.tgz",
      "integrity": "sha512-rp3So07KcdmmKbGvgaNxQSJr7bGVSVk5S9Eq1F+ppbRo70+YeaDxkw5Dd8NPN+GD6bjnYm2VuPuCXmpuYvmCXQ=="
    },
    "semver": {
      "version": "5.7.1",
      "resolved": "https://registry.npmjs.org/semver/-/semver-5.7.1.tgz",
      "integrity": "sha512-sauaDf/PZdVgrLTNYHRtpXa1iRiKcaebiKQ1BJdpQlWH2lCvexQdX55snPFyK7QzpudqbCI0qXFfOasHdyNDGQ=="
    },
    "url-template": {
      "version": "2.0.8",
      "resolved": "https://registry.npmjs.org/url-template/-/url-template-2.0.8.tgz",
      "integrity": "sha1-/FZaPMy/93MMd19WQflVV5FDnyE="
    },
    "uuid": {
      "version": "3.4.0",
      "resolved": "https://registry.npmjs.org/uuid/-/uuid-3.4.0.tgz",
      "integrity": "sha512-HjSDRw6gZE5JMggctHBcjVak08+KEVhSIiDzFnT9S9aegmp85S/bReBVTb4QTFaRNptJ9kuYaNhnbNEOkbKb/A=="
    },
    "wrappy": {
      "version": "1.0.2",
      "resolved": "https://registry.npmjs.org/wrappy/-/wrappy-1.0.2.tgz",
      "integrity": "sha1-tSQ9jz7BqjXxNkYFvA0QNuMKtp8="
    },
    "yallist": {
      "version": "2.1.2",
      "resolved": "https://registry.npmjs.org/yallist/-/yallist-2.1.2.tgz",
      "integrity": "sha1-HBH5IY8HYImkfdUS+TxmmaaoHVI="
    }
  }
}
