{
  "name": "openHAB.google-assistant-smarthome",
  "version": "0.0.5",
  "lockfileVersion": 1,
  "requires": true,
  "dependencies": {
    "colr": {
      "version": "1.2.2",
      "resolved": "https://registry.npmjs.org/colr/-/colr-1.2.2.tgz",
      "integrity": "sha1-YAMom448U/YIJOx7vAjgM4eK1PY=",
      "requires": {
        "colr-convert": "1.0.5"
      }
    },
    "colr-convert": {
      "version": "1.0.5",
      "resolved": "https://registry.npmjs.org/colr-convert/-/colr-convert-1.0.5.tgz",
      "integrity": "sha1-tKIskyLfojjSqAqpBzbBEnGEG3E="
    }
  }
}
